
Microsoft Visual Studio Solution File, Format Version 12.00
# Visual Studio 2013
VisualStudioVersion = 12.0.21005.1
MinimumVisualStudioVersion = 10.0.40219.1
Project("{FAE04EC0-301F-11D3-BF4B-00C04F79EFBC}") = "AutoPK", "AutoPK\AutoPK.csproj", "{96274B32-9C97-42B2-B16A-3EB5E2060DE3}"
	ProjectSection(ProjectDependencies) = postProject
		{A00F6ADC-E938-4783-AD13-50137592D9B2} = {A00F6ADC-E938-4783-AD13-50137592D9B2}
	EndProjectSection
EndProject
Project("{FAE04EC0-301F-11D3-BF4B-00C04F79EFBC}") = "AutoClient", "..\AutoClient\AutoClient.csproj", "{A00F6ADC-E938-4783-AD13-50137592D9B2}"
EndProject
Global
	GlobalSection(SolutionConfigurationPlatforms) = preSolution
		Debug|Any CPU = Debug|Any CPU
		Debug|x64 = Debug|x64
		Debug|x86 = Debug|x86
		Release|Any CPU = Release|Any CPU
		Release|x64 = Release|x64
		Release|x86 = Release|x86
	EndGlobalSection
	GlobalSection(ProjectConfigurationPlatforms) = postSolution
		{96274B32-9C97-42B2-B16A-3EB5E2060DE3}.Debug|Any CPU.ActiveCfg = Debug|x86
		{96274B32-9C97-42B2-B16A-3EB5E2060DE3}.Debug|Any CPU.Build.0 = Debug|x86
		{96274B32-9C97-42B2-B16A-3EB5E2060DE3}.Debug|x64.ActiveCfg = Debug|x86
		{96274B32-9C97-42B2-B16A-3EB5E2060DE3}.Debug|x64.Build.0 = Debug|x86
		{96274B32-9C97-42B2-B16A-3EB5E2060DE3}.Debug|x86.ActiveCfg = Debug|x86
		{96274B32-9C97-42B2-B16A-3EB5E2060DE3}.Debug|x86.Build.0 = Debug|x86
		{96274B32-9C97-42B2-B16A-3EB5E2060DE3}.Release|Any CPU.ActiveCfg = Release|Any CPU
		{96274B32-9C97-42B2-B16A-3EB5E2060DE3}.Release|Any CPU.Build.0 = Release|Any CPU
		{96274B32-9C97-42B2-B16A-3EB5E2060DE3}.Release|x64.ActiveCfg = Release|x64
		{96274B32-9C97-42B2-B16A-3EB5E2060DE3}.Release|x64.Build.0 = Release|x64
		{96274B32-9C97-42B2-B16A-3EB5E2060DE3}.Release|x86.ActiveCfg = Release|x86
		{96274B32-9C97-42B2-B16A-3EB5E2060DE3}.Release|x86.Build.0 = Release|x86
		{A00F6ADC-E938-4783-AD13-50137592D9B2}.Debug|Any CPU.ActiveCfg = Debug|Any CPU
		{A00F6ADC-E938-4783-AD13-50137592D9B2}.Debug|Any CPU.Build.0 = Debug|Any CPU
		{A00F6ADC-E938-4783-AD13-50137592D9B2}.Debug|x64.ActiveCfg = Debug|Any CPU
		{A00F6ADC-E938-4783-AD13-50137592D9B2}.Debug|x64.Build.0 = Debug|Any CPU
		{A00F6ADC-E938-4783-AD13-50137592D9B2}.Debug|x86.ActiveCfg = Debug|Any CPU
		{A00F6ADC-E938-4783-AD13-50137592D9B2}.Debug|x86.Build.0 = Debug|Any CPU
		{A00F6ADC-E938-4783-AD13-50137592D9B2}.Release|Any CPU.ActiveCfg = Release|Any CPU
		{A00F6ADC-E938-4783-AD13-50137592D9B2}.Release|Any CPU.Build.0 = Release|Any CPU
		{A00F6ADC-E938-4783-AD13-50137592D9B2}.Release|x64.ActiveCfg = Release|Any CPU
		{A00F6ADC-E938-4783-AD13-50137592D9B2}.Release|x64.Build.0 = Release|Any CPU
		{A00F6ADC-E938-4783-AD13-50137592D9B2}.Release|x86.ActiveCfg = Release|Any CPU
		{A00F6ADC-E938-4783-AD13-50137592D9B2}.Release|x86.Build.0 = Release|Any CPU
	EndGlobalSection
	GlobalSection(SolutionProperties) = preSolution
		HideSolutionNode = FALSE
	EndGlobalSection
EndGlobal
